<Solution>
  <Folder Name="/Solution Items/">
    <File Path="Sql_Scripts/AddStuff.sql" />
    <File Path="Sql_Scripts/Purge_JobHistory_StoredProcedures.sql" />
    <File Path="Sql_Scripts/Setup.sql" />
  </Folder>
  <Project Path="src/Scheduler/Scheduler.csproj" />
    <Project Path="src/Scheduler.Http/Scheduler.Http.csproj" />
    <Project Path="tests/Scheduler.Tests/Scheduler.Tests.csproj" />
</Solution>
